// !$*UTF8*$!
{
	archiveVersion = 1;
	classes = {
	};
	objectVersion = 48;
	objects = {

/* Begin PBXBuildFile section */
		2311F69A2662F7ECAB300BFD /* libPods-FiirstNetWorkH5.a in Frameworks */ = {isa = PBXBuildFile; fileRef = CB56FD69455923C2D0189A7F /* libPods-FiirstNetWorkH5.a */; };
		449FB0DA2064DCF100EDAF46 /* AppDelegate.m in Sources */ = {isa = PBXBuildFile; fileRef = 449FB0D92064DCF100EDAF46 /* AppDelegate.m */; };
		449FB0DD2064DCF100EDAF46 /* ViewController.m in Sources */ = {isa = PBXBuildFile; fileRef = 449FB0DC2064DCF100EDAF46 /* ViewController.m */; };
		449FB0E02064DCF100EDAF46 /* Main.storyboard in Resources */ = {isa = PBXBuildFile; fileRef = 449FB0DE2064DCF100EDAF46 /* Main.storyboard */; };
		449FB0E22064DCF100EDAF46 /* Assets.xcassets in Resources */ = {isa = PBXBuildFile; fileRef = 449FB0E12064DCF100EDAF46 /* Assets.xcassets */; };
		449FB0E52064DCF100EDAF46 /* LaunchScreen.storyboard in Resources */ = {isa = PBXBuildFile; fileRef = 449FB0E32064DCF100EDAF46 /* LaunchScreen.storyboard */; };
		449FB0E82064DCF100EDAF46 /* main.m in Sources */ = {isa = PBXBuildFile; fileRef = 449FB0E72064DCF100EDAF46 /* main.m */; };
		449FB0F22064DCF100EDAF46 /* FiirstNetWorkH5Tests.m in Sources */ = {isa = PBXBuildFile; fileRef = 449FB0F12064DCF100EDAF46 /* FiirstNetWorkH5Tests.m */; };
		449FB0FD2064DCF100EDAF46 /* FiirstNetWorkH5UITests.m in Sources */ = {isa = PBXBuildFile; fileRef = 449FB0FC2064DCF100EDAF46 /* FiirstNetWorkH5UITests.m */; };
		449FB10C2065003400EDAF46 /* libz.tbd in Frameworks */ = {isa = PBXBuildFile; fileRef = 449FB10B2065003400EDAF46 /* libz.tbd */; };
		449FB13C206507F000EDAF46 /* crypt.c in Sources */ = {isa = PBXBuildFile; fileRef = 449FB115206507F000EDAF46 /* crypt.c */; };
		449FB13D206507F000EDAF46 /* unzip.c in Sources */ = {isa = PBXBuildFile; fileRef = 449FB116206507F000EDAF46 /* unzip.c */; };
		449FB13E206507F000EDAF46 /* zip.c in Sources */ = {isa = PBXBuildFile; fileRef = 449FB117206507F000EDAF46 /* zip.c */; };
		449FB13F206507F000EDAF46 /* ioapi.c in Sources */ = {isa = PBXBuildFile; fileRef = 449FB119206507F000EDAF46 /* ioapi.c */; };
		449FB140206507F000EDAF46 /* ioapi_buf.c in Sources */ = {isa = PBXBuildFile; fileRef = 449FB11B206507F000EDAF46 /* ioapi_buf.c */; };
		449FB141206507F000EDAF46 /* ioapi_mem.c in Sources */ = {isa = PBXBuildFile; fileRef = 449FB11F206507F000EDAF46 /* ioapi_mem.c */; };
		449FB142206507F000EDAF46 /* minishared.c in Sources */ = {isa = PBXBuildFile; fileRef = 449FB120206507F000EDAF46 /* minishared.c */; };
		449FB143206507F000EDAF46 /* aeskey.c in Sources */ = {isa = PBXBuildFile; fileRef = 449FB126206507F000EDAF46 /* aeskey.c */; };
		449FB144206507F000EDAF46 /* hmac.c in Sources */ = {isa = PBXBuildFile; fileRef = 449FB127206507F000EDAF46 /* hmac.c */; };
		449FB145206507F000EDAF46 /* aescrypt.c in Sources */ = {isa = PBXBuildFile; fileRef = 449FB12A206507F000EDAF46 /* aescrypt.c */; };
		449FB146206507F000EDAF46 /* fileenc.c in Sources */ = {isa = PBXBuildFile; fileRef = 449FB12B206507F000EDAF46 /* fileenc.c */; };
		449FB147206507F000EDAF46 /* sha1.c in Sources */ = {isa = PBXBuildFile; fileRef = 449FB12D206507F000EDAF46 /* sha1.c */; };
		449FB148206507F000EDAF46 /* aes_ni.c in Sources */ = {isa = PBXBuildFile; fileRef = 449FB130206507F000EDAF46 /* aes_ni.c */; };
		449FB149206507F000EDAF46 /* prng.c in Sources */ = {isa = PBXBuildFile; fileRef = 449FB132206507F000EDAF46 /* prng.c */; };
		449FB14A206507F000EDAF46 /* pwd2key.c in Sources */ = {isa = PBXBuildFile; fileRef = 449FB134206507F000EDAF46 /* pwd2key.c */; };
		449FB14B206507F000EDAF46 /* aestab.c in Sources */ = {isa = PBXBuildFile; fileRef = 449FB135206507F000EDAF46 /* aestab.c */; };
		449FB14C206507F000EDAF46 /* SSZipArchive.m in Sources */ = {isa = PBXBuildFile; fileRef = 449FB13A206507F000EDAF46 /* SSZipArchive.m */; };
		449FB14D206507F000EDAF46 /* Info.plist in Resources */ = {isa = PBXBuildFile; fileRef = 449FB13B206507F000EDAF46 /* Info.plist */; };
		8662A368DDCF706AA147CEA5 /* libPods-FiirstNetWorkH5Tests.a in Frameworks */ = {isa = PBXBuildFile; fileRef = 907B4FFB7B6693AB42F3A657 /* libPods-FiirstNetWorkH5Tests.a */; };
		C0AC51B77A75A1537BCBD601 /* libPods-FiirstNetWorkH5UITests.a in Frameworks */ = {isa = PBXBuildFile; fileRef = 269EA03181F040C7D713E1FF /* libPods-FiirstNetWorkH5UITests.a */; };
/* End PBXBuildFile section */

/* Begin PBXContainerItemProxy section */
		449FB0EE2064DCF100EDAF46 /* PBXContainerItemProxy */ = {
			isa = PBXContainerItemProxy;
			containerPortal = 449FB0CD2064DCF100EDAF46 /* Project object */;
			proxyType = 1;
			remoteGlobalIDString = 449FB0D42064DCF100EDAF46;
			remoteInfo = FiirstNetWorkH5;
		};
		449FB0F92064DCF100EDAF46 /* PBXContainerItemProxy */ = {
			isa = PBXContainerItemProxy;
			containerPortal = 449FB0CD2064DCF100EDAF46 /* Project object */;
			proxyType = 1;
			remoteGlobalIDString = 449FB0D42064DCF100EDAF46;
			remoteInfo = FiirstNetWorkH5;
		};
/* End PBXContainerItemProxy section */

/* Begin PBXFileReference section */
		269EA03181F040C7D713E1FF /* libPods-FiirstNetWorkH5UITests.a */ = {isa = PBXFileReference; explicitFileType = archive.ar; includeInIndex = 0; path = "libPods-FiirstNetWorkH5UITests.a"; sourceTree = BUILT_PRODUCTS_DIR; };
		3100D407EDFF5A036A3F9232 /* Pods-FiirstNetWorkH5.release.xcconfig */ = {isa = PBXFileReference; includeInIndex = 1; lastKnownFileType = text.xcconfig; name = "Pods-FiirstNetWorkH5.release.xcconfig"; path = "Pods/Target Support Files/Pods-FiirstNetWorkH5/Pods-FiirstNetWorkH5.release.xcconfig"; sourceTree = "<group>"; };
		36378FE7AC73A24D4656C6FD /* Pods-FiirstNetWorkH5UITests.release.xcconfig */ = {isa = PBXFileReference; includeInIndex = 1; lastKnownFileType = text.xcconfig; name = "Pods-FiirstNetWorkH5UITests.release.xcconfig"; path = "Pods/Target Support Files/Pods-FiirstNetWorkH5UITests/Pods-FiirstNetWorkH5UITests.release.xcconfig"; sourceTree = "<group>"; };
		449FB0D52064DCF100EDAF46 /* FiirstNetWorkH5.app */ = {isa = PBXFileReference; explicitFileType = wrapper.application; includeInIndex = 0; path = FiirstNetWorkH5.app; sourceTree = BUILT_PRODUCTS_DIR; };
		449FB0D82064DCF100EDAF46 /* AppDelegate.h */ = {isa = PBXFileReference; lastKnownFileType = sourcecode.c.h; path = AppDelegate.h; sourceTree = "<group>"; };
		449FB0D92064DCF100EDAF46 /* AppDelegate.m */ = {isa = PBXFileReference; lastKnownFileType = sourcecode.c.objc; path = AppDelegate.m; sourceTree = "<group>"; };
		449FB0DB2064DCF100EDAF46 /* ViewController.h */ = {isa = PBXFileReference; lastKnownFileType = sourcecode.c.h; path = ViewController.h; sourceTree = "<group>"; };
		449FB0DC2064DCF100EDAF46 /* ViewController.m */ = {isa = PBXFileReference; lastKnownFileType = sourcecode.c.objc; path = ViewController.m; sourceTree = "<group>"; };
		449FB0DF2064DCF100EDAF46 /* Base */ = {isa = PBXFileReference; lastKnownFileType = file.storyboard; name = Base; path = Base.lproj/Main.storyboard; sourceTree = "<group>"; };
		449FB0E12064DCF100EDAF46 /* Assets.xcassets */ = {isa = PBXFileReference; lastKnownFileType = folder.assetcatalog; path = Assets.xcassets; sourceTree = "<group>"; };
		449FB0E42064DCF100EDAF46 /* Base */ = {isa = PBXFileReference; lastKnownFileType = file.storyboard; name = Base; path = Base.lproj/LaunchScreen.storyboard; sourceTree = "<group>"; };
		449FB0E62064DCF100EDAF46 /* Info.plist */ = {isa = PBXFileReference; lastKnownFileType = text.plist.xml; path = Info.plist; sourceTree = "<group>"; };
		449FB0E72064DCF100EDAF46 /* main.m */ = {isa = PBXFileReference; lastKnownFileType = sourcecode.c.objc; path = main.m; sourceTree = "<group>"; };
		449FB0ED2064DCF100EDAF46 /* FiirstNetWorkH5Tests.xctest */ = {isa = PBXFileReference; explicitFileType = wrapper.cfbundle; includeInIndex = 0; path = FiirstNetWorkH5Tests.xctest; sourceTree = BUILT_PRODUCTS_DIR; };
		449FB0F12064DCF100EDAF46 /* FiirstNetWorkH5Tests.m */ = {isa = PBXFileReference; lastKnownFileType = sourcecode.c.objc; path = FiirstNetWorkH5Tests.m; sourceTree = "<group>"; };
		449FB0F32064DCF100EDAF46 /* Info.plist */ = {isa = PBXFileReference; lastKnownFileType = text.plist.xml; path = Info.plist; sourceTree = "<group>"; };
		449FB0F82064DCF100EDAF46 /* FiirstNetWorkH5UITests.xctest */ = {isa = PBXFileReference; explicitFileType = wrapper.cfbundle; includeInIndex = 0; path = FiirstNetWorkH5UITests.xctest; sourceTree = BUILT_PRODUCTS_DIR; };
		449FB0FC2064DCF100EDAF46 /* FiirstNetWorkH5UITests.m */ = {isa = PBXFileReference; lastKnownFileType = sourcecode.c.objc; path = FiirstNetWorkH5UITests.m; sourceTree = "<group>"; };
		449FB0FE2064DCF100EDAF46 /* Info.plist */ = {isa = PBXFileReference; lastKnownFileType = text.plist.xml; path = Info.plist; sourceTree = "<group>"; };
		449FB10B2065003400EDAF46 /* libz.tbd */ = {isa = PBXFileReference; lastKnownFileType = "sourcecode.text-based-dylib-definition"; name = libz.tbd; path = usr/lib/libz.tbd; sourceTree = SDKROOT; };
		449FB10F2065045100EDAF46 /* libz.tbd */ = {isa = PBXFileReference; lastKnownFileType = "sourcecode.text-based-dylib-definition"; name = libz.tbd; path = usr/lib/libz.tbd; sourceTree = SDKROOT; };
		449FB113206507F000EDAF46 /* ZipArchive.h */ = {isa = PBXFileReference; fileEncoding = 4; lastKnownFileType = sourcecode.c.h; path = ZipArchive.h; sourceTree = "<group>"; };
		449FB115206507F000EDAF46 /* crypt.c */ = {isa = PBXFileReference; fileEncoding = 4; lastKnownFileType = sourcecode.c.c; path = crypt.c; sourceTree = "<group>"; };
		449FB116206507F000EDAF46 /* unzip.c */ = {isa = PBXFileReference; fileEncoding = 4; lastKnownFileType = sourcecode.c.c; path = unzip.c; sourceTree = "<group>"; };
		449FB117206507F000EDAF46 /* zip.c */ = {isa = PBXFileReference; fileEncoding = 4; lastKnownFileType = sourcecode.c.c; path = zip.c; sourceTree = "<group>"; };
		449FB118206507F000EDAF46 /* minishared.h */ = {isa = PBXFileReference; fileEncoding = 4; lastKnownFileType = sourcecode.c.h; path = minishared.h; sourceTree = "<group>"; };
		449FB119206507F000EDAF46 /* ioapi.c */ = {isa = PBXFileReference; fileEncoding = 4; lastKnownFileType = sourcecode.c.c; path = ioapi.c; sourceTree = "<group>"; };
		449FB11A206507F000EDAF46 /* ioapi_mem.h */ = {isa = PBXFileReference; fileEncoding = 4; lastKnownFileType = sourcecode.c.h; path = ioapi_mem.h; sourceTree = "<group>"; };
		449FB11B206507F000EDAF46 /* ioapi_buf.c */ = {isa = PBXFileReference; fileEncoding = 4; lastKnownFileType = sourcecode.c.c; path = ioapi_buf.c; sourceTree = "<group>"; };
		449FB11C206507F000EDAF46 /* crypt.h */ = {isa = PBXFileReference; fileEncoding = 4; lastKnownFileType = sourcecode.c.h; path = crypt.h; sourceTree = "<group>"; };
		449FB11D206507F000EDAF46 /* zip.h */ = {isa = PBXFileReference; fileEncoding = 4; lastKnownFileType = sourcecode.c.h; path = zip.h; sourceTree = "<group>"; };
		449FB11E206507F000EDAF46 /* unzip.h */ = {isa = PBXFileReference; fileEncoding = 4; lastKnownFileType = sourcecode.c.h; path = unzip.h; sourceTree = "<group>"; };
		449FB11F206507F000EDAF46 /* ioapi_mem.c */ = {isa = PBXFileReference; fileEncoding = 4; lastKnownFileType = sourcecode.c.c; path = ioapi_mem.c; sourceTree = "<group>"; };
		449FB120206507F000EDAF46 /* minishared.c */ = {isa = PBXFileReference; fileEncoding = 4; lastKnownFileType = sourcecode.c.c; path = minishared.c; sourceTree = "<group>"; };
		449FB121206507F000EDAF46 /* ioapi.h */ = {isa = PBXFileReference; fileEncoding = 4; lastKnownFileType = sourcecode.c.h; path = ioapi.h; sourceTree = "<group>"; };
		449FB122206507F000EDAF46 /* ioapi_buf.h */ = {isa = PBXFileReference; fileEncoding = 4; lastKnownFileType = sourcecode.c.h; path = ioapi_buf.h; sourceTree = "<group>"; };
		449FB124206507F000EDAF46 /* prng.h */ = {isa = PBXFileReference; fileEncoding = 4; lastKnownFileType = sourcecode.c.h; path = prng.h; sourceTree = "<group>"; };
		449FB125206507F000EDAF46 /* aes_ni.h */ = {isa = PBXFileReference; fileEncoding = 4; lastKnownFileType = sourcecode.c.h; path = aes_ni.h; sourceTree = "<group>"; };
		449FB126206507F000EDAF46 /* aeskey.c */ = {isa = PBXFileReference; fileEncoding = 4; lastKnownFileType = sourcecode.c.c; path = aeskey.c; sourceTree = "<group>"; };
		449FB127206507F000EDAF46 /* hmac.c */ = {isa = PBXFileReference; fileEncoding = 4; lastKnownFileType = sourcecode.c.c; path = hmac.c; sourceTree = "<group>"; };
		449FB128206507F000EDAF46 /* aestab.h */ = {isa = PBXFileReference; fileEncoding = 4; lastKnownFileType = sourcecode.c.h; path = aestab.h; sourceTree = "<group>"; };
		449FB129206507F000EDAF46 /* pwd2key.h */ = {isa = PBXFileReference; fileEncoding = 4; lastKnownFileType = sourcecode.c.h; path = pwd2key.h; sourceTree = "<group>"; };
		449FB12A206507F000EDAF46 /* aescrypt.c */ = {isa = PBXFileReference; fileEncoding = 4; lastKnownFileType = sourcecode.c.c; path = aescrypt.c; sourceTree = "<group>"; };
		449FB12B206507F000EDAF46 /* fileenc.c */ = {isa = PBXFileReference; fileEncoding = 4; lastKnownFileType = sourcecode.c.c; path = fileenc.c; sourceTree = "<group>"; };
		449FB12C206507F000EDAF46 /* aesopt.h */ = {isa = PBXFileReference; fileEncoding = 4; lastKnownFileType = sourcecode.c.h; path = aesopt.h; sourceTree = "<group>"; };
		449FB12D206507F000EDAF46 /* sha1.c */ = {isa = PBXFileReference; fileEncoding = 4; lastKnownFileType = sourcecode.c.c; path = sha1.c; sourceTree = "<group>"; };
		449FB12E206507F000EDAF46 /* brg_types.h */ = {isa = PBXFileReference; fileEncoding = 4; lastKnownFileType = sourcecode.c.h; path = brg_types.h; sourceTree = "<group>"; };
		449FB12F206507F000EDAF46 /* hmac.h */ = {isa = PBXFileReference; fileEncoding = 4; lastKnownFileType = sourcecode.c.h; path = hmac.h; sourceTree = "<group>"; };
		449FB130206507F000EDAF46 /* aes_ni.c */ = {isa = PBXFileReference; fileEncoding = 4; lastKnownFileType = sourcecode.c.c; path = aes_ni.c; sourceTree = "<group>"; };
		449FB131206507F000EDAF46 /* brg_endian.h */ = {isa = PBXFileReference; fileEncoding = 4; lastKnownFileType = sourcecode.c.h; path = brg_endian.h; sourceTree = "<group>"; };
		449FB132206507F000EDAF46 /* prng.c */ = {isa = PBXFileReference; fileEncoding = 4; lastKnownFileType = sourcecode.c.c; path = prng.c; sourceTree = "<group>"; };
		449FB133206507F000EDAF46 /* aes.h */ = {isa = PBXFileReference; fileEncoding = 4; lastKnownFileType = sourcecode.c.h; path = aes.h; sourceTree = "<group>"; };
		449FB134206507F000EDAF46 /* pwd2key.c */ = {isa = PBXFileReference; fileEncoding = 4; lastKnownFileType = sourcecode.c.c; path = pwd2key.c; sourceTree = "<group>"; };
		449FB135206507F000EDAF46 /* aestab.c */ = {isa = PBXFileReference; fileEncoding = 4; lastKnownFileType = sourcecode.c.c; path = aestab.c; sourceTree = "<group>"; };
		449FB136206507F000EDAF46 /* sha1.h */ = {isa = PBXFileReference; fileEncoding = 4; lastKnownFileType = sourcecode.c.h; path = sha1.h; sourceTree = "<group>"; };
		449FB137206507F000EDAF46 /* fileenc.h */ = {isa = PBXFileReference; fileEncoding = 4; lastKnownFileType = sourcecode.c.h; path = fileenc.h; sourceTree = "<group>"; };
		449FB138206507F000EDAF46 /* SSZipArchive.h */ = {isa = PBXFileReference; fileEncoding = 4; lastKnownFileType = sourcecode.c.h; path = SSZipArchive.h; sourceTree = "<group>"; };
		449FB139206507F000EDAF46 /* SSZipCommon.h */ = {isa = PBXFileReference; fileEncoding = 4; lastKnownFileType = sourcecode.c.h; path = SSZipCommon.h; sourceTree = "<group>"; };
		449FB13A206507F000EDAF46 /* SSZipArchive.m */ = {isa = PBXFileReference; fileEncoding = 4; lastKnownFileType = sourcecode.c.objc; path = SSZipArchive.m; sourceTree = "<group>"; };
		449FB13B206507F000EDAF46 /* Info.plist */ = {isa = PBXFileReference; fileEncoding = 4; lastKnownFileType = text.plist.xml; path = Info.plist; sourceTree = "<group>"; };
		5C3DF7302F5D3E99A014ACDB /* Pods-FiirstNetWorkH5.debug.xcconfig */ = {isa = PBXFileReference; includeInIndex = 1; lastKnownFileType = text.xcconfig; name = "Pods-FiirstNetWorkH5.debug.xcconfig"; path = "Pods/Target Support Files/Pods-FiirstNetWorkH5/Pods-FiirstNetWorkH5.debug.xcconfig"; sourceTree = "<group>"; };
		6C4C7570B1807E9069AB8472 /* Pods-FiirstNetWorkH5Tests.debug.xcconfig */ = {isa = PBXFileReference; includeInIndex = 1; lastKnownFileType = text.xcconfig; name = "Pods-FiirstNetWorkH5Tests.debug.xcconfig"; path = "Pods/Target Support Files/Pods-FiirstNetWorkH5Tests/Pods-FiirstNetWorkH5Tests.debug.xcconfig"; sourceTree = "<group>"; };
		8375EFBEFA0A7FC6873691C0 /* Pods-FiirstNetWorkH5Tests.release.xcconfig */ = {isa = PBXFileReference; includeInIndex = 1; lastKnownFileType = text.xcconfig; name = "Pods-FiirstNetWorkH5Tests.release.xcconfig"; path = "Pods/Target Support Files/Pods-FiirstNetWorkH5Tests/Pods-FiirstNetWorkH5Tests.release.xcconfig"; sourceTree = "<group>"; };
		907B4FFB7B6693AB42F3A657 /* libPods-FiirstNetWorkH5Tests.a */ = {isa = PBXFileReference; explicitFileType = archive.ar; includeInIndex = 0; path = "libPods-FiirstNetWorkH5Tests.a"; sourceTree = BUILT_PRODUCTS_DIR; };
		C481DBC1182CCD6E8E16AD41 /* Pods-FiirstNetWorkH5UITests.debug.xcconfig */ = {isa = PBXFileReference; includeInIndex = 1; lastKnownFileType = text.xcconfig; name = "Pods-FiirstNetWorkH5UITests.debug.xcconfig"; path = "Pods/Target Support Files/Pods-FiirstNetWorkH5UITests/Pods-FiirstNetWorkH5UITests.debug.xcconfig"; sourceTree = "<group>"; };
		CB56FD69455923C2D0189A7F /* libPods-FiirstNetWorkH5.a */ = {isa = PBXFileReference; explicitFileType = archive.ar; includeInIndex = 0; path = "libPods-FiirstNetWorkH5.a"; sourceTree = BUILT_PRODUCTS_DIR; };
/* End PBXFileReference section */

/* Begin PBXFrameworksBuildPhase section */
		449FB0D22064DCF100EDAF46 /* Frameworks */ = {
			isa = PBXFrameworksBuildPhase;
			buildActionMask = 2147483647;
			files = (
				449FB10C2065003400EDAF46 /* libz.tbd in Frameworks */,
				2311F69A2662F7ECAB300BFD /* libPods-FiirstNetWorkH5.a in Frameworks */,
			);
			runOnlyForDeploymentPostprocessing = 0;
		};
		449FB0EA2064DCF100EDAF46 /* Frameworks */ = {
			isa = PBXFrameworksBuildPhase;
			buildActionMask = 2147483647;
			files = (
				8662A368DDCF706AA147CEA5 /* libPods-FiirstNetWorkH5Tests.a in Frameworks */,
			);
			runOnlyForDeploymentPostprocessing = 0;
		};
		449FB0F52064DCF100EDAF46 /* Frameworks */ = {
			isa = PBXFrameworksBuildPhase;
			buildActionMask = 2147483647;
			files = (
				C0AC51B77A75A1537BCBD601 /* libPods-FiirstNetWorkH5UITests.a in Frameworks */,
			);
			runOnlyForDeploymentPostprocessing = 0;
		};
/* End PBXFrameworksBuildPhase section */

/* Begin PBXGroup section */
		449FB0CC2064DCF100EDAF46 = {
			isa = PBXGroup;
			children = (
				449FB0D72064DCF100EDAF46 /* FiirstNetWorkH5 */,
				449FB0F02064DCF100EDAF46 /* FiirstNetWorkH5Tests */,
				449FB0FB2064DCF100EDAF46 /* FiirstNetWorkH5UITests */,
				449FB0D62064DCF100EDAF46 /* Products */,
				449FB10A2065003400EDAF46 /* Frameworks */,
				8A1C7A83011E242F46AD21C5 /* Pods */,
			);
			sourceTree = "<group>";
		};
		449FB0D62064DCF100EDAF46 /* Products */ = {
			isa = PBXGroup;
			children = (
				449FB0D52064DCF100EDAF46 /* FiirstNetWorkH5.app */,
				449FB0ED2064DCF100EDAF46 /* FiirstNetWorkH5Tests.xctest */,
				449FB0F82064DCF100EDAF46 /* FiirstNetWorkH5UITests.xctest */,
			);
			name = Products;
			sourceTree = "<group>";
		};
		449FB0D72064DCF100EDAF46 /* FiirstNetWorkH5 */ = {
			isa = PBXGroup;
			children = (
				449FB10F2065045100EDAF46 /* libz.tbd */,
				449FB0D82064DCF100EDAF46 /* AppDelegate.h */,
				449FB0D92064DCF100EDAF46 /* AppDelegate.m */,
				449FB0DB2064DCF100EDAF46 /* ViewController.h */,
				449FB0DC2064DCF100EDAF46 /* ViewController.m */,
				449FB0DE2064DCF100EDAF46 /* Main.storyboard */,
				449FB0E12064DCF100EDAF46 /* Assets.xcassets */,
				449FB0E32064DCF100EDAF46 /* LaunchScreen.storyboard */,
				449FB0E62064DCF100EDAF46 /* Info.plist */,
				449FB0E72064DCF100EDAF46 /* main.m */,
				449FB112206507F000EDAF46 /* SSZipArchive */,
			);
			path = FiirstNetWorkH5;
			sourceTree = "<group>";
		};
		449FB0F02064DCF100EDAF46 /* FiirstNetWorkH5Tests */ = {
			isa = PBXGroup;
			children = (
				449FB0F12064DCF100EDAF46 /* FiirstNetWorkH5Tests.m */,
				449FB0F32064DCF100EDAF46 /* Info.plist */,
			);
			path = FiirstNetWorkH5Tests;
			sourceTree = "<group>";
		};
		449FB0FB2064DCF100EDAF46 /* FiirstNetWorkH5UITests */ = {
			isa = PBXGroup;
			children = (
				449FB0FC2064DCF100EDAF46 /* FiirstNetWorkH5UITests.m */,
				449FB0FE2064DCF100EDAF46 /* Info.plist */,
			);
			path = FiirstNetWorkH5UITests;
			sourceTree = "<group>";
		};
		449FB10A2065003400EDAF46 /* Frameworks */ = {
			isa = PBXGroup;
			children = (
				449FB10B2065003400EDAF46 /* libz.tbd */,
				CB56FD69455923C2D0189A7F /* libPods-FiirstNetWorkH5.a */,
				907B4FFB7B6693AB42F3A657 /* libPods-FiirstNetWorkH5Tests.a */,
				269EA03181F040C7D713E1FF /* libPods-FiirstNetWorkH5UITests.a */,
			);
			name = Frameworks;
			sourceTree = "<group>";
		};
		449FB112206507F000EDAF46 /* SSZipArchive */ = {
			isa = PBXGroup;
			children = (
				449FB113206507F000EDAF46 /* ZipArchive.h */,
				449FB114206507F000EDAF46 /* minizip */,
				449FB138206507F000EDAF46 /* SSZipArchive.h */,
				449FB139206507F000EDAF46 /* SSZipCommon.h */,
				449FB13A206507F000EDAF46 /* SSZipArchive.m */,
				449FB13B206507F000EDAF46 /* Info.plist */,
			);
			name = SSZipArchive;
			path = "../../ZipArchive-master/SSZipArchive";
			sourceTree = "<group>";
		};
		449FB114206507F000EDAF46 /* minizip */ = {
			isa = PBXGroup;
			children = (
				449FB115206507F000EDAF46 /* crypt.c */,
				449FB116206507F000EDAF46 /* unzip.c */,
				449FB117206507F000EDAF46 /* zip.c */,
				449FB118206507F000EDAF46 /* minishared.h */,
				449FB119206507F000EDAF46 /* ioapi.c */,
				449FB11A206507F000EDAF46 /* ioapi_mem.h */,
				449FB11B206507F000EDAF46 /* ioapi_buf.c */,
				449FB11C206507F000EDAF46 /* crypt.h */,
				449FB11D206507F000EDAF46 /* zip.h */,
				449FB11E206507F000EDAF46 /* unzip.h */,
				449FB11F206507F000EDAF46 /* ioapi_mem.c */,
				449FB120206507F000EDAF46 /* minishared.c */,
				449FB121206507F000EDAF46 /* ioapi.h */,
				449FB122206507F000EDAF46 /* ioapi_buf.h */,
				449FB123206507F000EDAF46 /* aes */,
			);
			path = minizip;
			sourceTree = "<group>";
		};
		449FB123206507F000EDAF46 /* aes */ = {
			isa = PBXGroup;
			children = (
				449FB124206507F000EDAF46 /* prng.h */,
				449FB125206507F000EDAF46 /* aes_ni.h */,
				449FB126206507F000EDAF46 /* aeskey.c */,
				449FB127206507F000EDAF46 /* hmac.c */,
				449FB128206507F000EDAF46 /* aestab.h */,
				449FB129206507F000EDAF46 /* pwd2key.h */,
				449FB12A206507F000EDAF46 /* aescrypt.c */,
				449FB12B206507F000EDAF46 /* fileenc.c */,
				449FB12C206507F000EDAF46 /* aesopt.h */,
				449FB12D206507F000EDAF46 /* sha1.c */,
				449FB12E206507F000EDAF46 /* brg_types.h */,
				449FB12F206507F000EDAF46 /* hmac.h */,
				449FB130206507F000EDAF46 /* aes_ni.c */,
				449FB131206507F000EDAF46 /* brg_endian.h */,
				449FB132206507F000EDAF46 /* prng.c */,
				449FB133206507F000EDAF46 /* aes.h */,
				449FB134206507F000EDAF46 /* pwd2key.c */,
				449FB135206507F000EDAF46 /* aestab.c */,
				449FB136206507F000EDAF46 /* sha1.h */,
				449FB137206507F000EDAF46 /* fileenc.h */,
			);
			path = aes;
			sourceTree = "<group>";
		};
		8A1C7A83011E242F46AD21C5 /* Pods */ = {
			isa = PBXGroup;
			children = (
				5C3DF7302F5D3E99A014ACDB /* Pods-FiirstNetWorkH5.debug.xcconfig */,
				3100D407EDFF5A036A3F9232 /* Pods-FiirstNetWorkH5.release.xcconfig */,
				6C4C7570B1807E9069AB8472 /* Pods-FiirstNetWorkH5Tests.debug.xcconfig */,
				8375EFBEFA0A7FC6873691C0 /* Pods-FiirstNetWorkH5Tests.release.xcconfig */,
				C481DBC1182CCD6E8E16AD41 /* Pods-FiirstNetWorkH5UITests.debug.xcconfig */,
				36378FE7AC73A24D4656C6FD /* Pods-FiirstNetWorkH5UITests.release.xcconfig */,
			);
			name = Pods;
			sourceTree = "<group>";
		};
/* End PBXGroup section */

/* Begin PBXNativeTarget section */
		449FB0D42064DCF100EDAF46 /* FiirstNetWorkH5 */ = {
			isa = PBXNativeTarget;
			buildConfigurationList = 449FB1012064DCF100EDAF46 /* Build configuration list for PBXNativeTarget "FiirstNetWorkH5" */;
			buildPhases = (
				6C4B33F7557B934E35887A0F /* [CP] Check Pods Manifest.lock */,
				449FB0D12064DCF100EDAF46 /* Sources */,
				449FB0D22064DCF100EDAF46 /* Frameworks */,
				449FB0D32064DCF100EDAF46 /* Resources */,
				18D3D0A496EA8EA22454188C /* [CP] Embed Pods Frameworks */,
				8410765D326471DE909B2673 /* [CP] Copy Pods Resources */,
			);
			buildRules = (
			);
			dependencies = (
			);
			name = FiirstNetWorkH5;
			productName = FiirstNetWorkH5;
			productReference = 449FB0D52064DCF100EDAF46 /* FiirstNetWorkH5.app */;
			productType = "com.apple.product-type.application";
		};
		449FB0EC2064DCF100EDAF46 /* FiirstNetWorkH5Tests */ = {
			isa = PBXNativeTarget;
			buildConfigurationList = 449FB1042064DCF100EDAF46 /* Build configuration list for PBXNativeTarget "FiirstNetWorkH5Tests" */;
			buildPhases = (
				97F06661362F510E390C3E04 /* [CP] Check Pods Manifest.lock */,
				449FB0E92064DCF100EDAF46 /* Sources */,
				449FB0EA2064DCF100EDAF46 /* Frameworks */,
				449FB0EB2064DCF100EDAF46 /* Resources */,
				5BA6411389294A27D4F4A6B6 /* [CP] Embed Pods Frameworks */,
				B8B2BBA4F4466FD7C10E9C50 /* [CP] Copy Pods Resources */,
			);
			buildRules = (
			);
			dependencies = (
				449FB0EF2064DCF100EDAF46 /* PBXTargetDependency */,
			);
			name = FiirstNetWorkH5Tests;
			productName = FiirstNetWorkH5Tests;
			productReference = 449FB0ED2064DCF100EDAF46 /* FiirstNetWorkH5Tests.xctest */;
			productType = "com.apple.product-type.bundle.unit-test";
		};
		449FB0F72064DCF100EDAF46 /* FiirstNetWorkH5UITests */ = {
			isa = PBXNativeTarget;
			buildConfigurationList = 449FB1072064DCF100EDAF46 /* Build configuration list for PBXNativeTarget "FiirstNetWorkH5UITests" */;
			buildPhases = (
				169D6A0DBF574E6582A3BC4E /* [CP] Check Pods Manifest.lock */,
				449FB0F42064DCF100EDAF46 /* Sources */,
				449FB0F52064DCF100EDAF46 /* Frameworks */,
				449FB0F62064DCF100EDAF46 /* Resources */,
				0BDC91A122539F965BB835E4 /* [CP] Embed Pods Frameworks */,
				CEA35D7E4787F26B8BCEDB72 /* [CP] Copy Pods Resources */,
			);
			buildRules = (
			);
			dependencies = (
				449FB0FA2064DCF100EDAF46 /* PBXTargetDependency */,
			);
			name = FiirstNetWorkH5UITests;
			productName = FiirstNetWorkH5UITests;
			productReference = 449FB0F82064DCF100EDAF46 /* FiirstNetWorkH5UITests.xctest */;
			productType = "com.apple.product-type.bundle.ui-testing";
		};
/* End PBXNativeTarget section */

/* Begin PBXProject section */
		449FB0CD2064DCF100EDAF46 /* Project object */ = {
			isa = PBXProject;
			attributes = {
				LastUpgradeCheck = 0920;
				ORGANIZATIONNAME = leviduan;
				TargetAttributes = {
					449FB0D42064DCF100EDAF46 = {
						CreatedOnToolsVersion = 9.2;
						ProvisioningStyle = Automatic;
					};
					449FB0EC2064DCF100EDAF46 = {
						CreatedOnToolsVersion = 9.2;
						ProvisioningStyle = Automatic;
						TestTargetID = 449FB0D42064DCF100EDAF46;
					};
					449FB0F72064DCF100EDAF46 = {
						CreatedOnToolsVersion = 9.2;
						ProvisioningStyle = Automatic;
						TestTargetID = 449FB0D42064DCF100EDAF46;
					};
				};
			};
			buildConfigurationList = 449FB0D02064DCF100EDAF46 /* Build configuration list for PBXProject "FiirstNetWorkH5" */;
			compatibilityVersion = "Xcode 8.0";
			developmentRegion = en;
			hasScannedForEncodings = 0;
			knownRegions = (
				en,
				Base,
			);
			mainGroup = 449FB0CC2064DCF100EDAF46;
			productRefGroup = 449FB0D62064DCF100EDAF46 /* Products */;
			projectDirPath = "";
			projectRoot = "";
			targets = (
				449FB0D42064DCF100EDAF46 /* FiirstNetWorkH5 */,
				449FB0EC2064DCF100EDAF46 /* FiirstNetWorkH5Tests */,
				449FB0F72064DCF100EDAF46 /* FiirstNetWorkH5UITests */,
			);
		};
/* End PBXProject section */

/* Begin PBXResourcesBuildPhase section */
		449FB0D32064DCF100EDAF46 /* Resources */ = {
			isa = PBXResourcesBuildPhase;
			buildActionMask = 2147483647;
			files = (
				449FB0E52064DCF100EDAF46 /* LaunchScreen.storyboard in Resources */,
				449FB0E22064DCF100EDAF46 /* Assets.xcassets in Resources */,
				449FB0E02064DCF100EDAF46 /* Main.storyboard in Resources */,
				449FB14D206507F000EDAF46 /* Info.plist in Resources */,
			);
			runOnlyForDeploymentPostprocessing = 0;
		};
		449FB0EB2064DCF100EDAF46 /* Resources */ = {
			isa = PBXResourcesBuildPhase;
			buildActionMask = 2147483647;
			files = (
			);
			runOnlyForDeploymentPostprocessing = 0;
		};
		449FB0F62064DCF100EDAF46 /* Resources */ = {
			isa = PBXResourcesBuildPhase;
			buildActionMask = 2147483647;
			files = (
			);
			runOnlyForDeploymentPostprocessing = 0;
		};
/* End PBXResourcesBuildPhase section */

/* Begin PBXShellScriptBuildPhase section */
		0BDC91A122539F965BB835E4 /* [CP] Embed Pods Frameworks */ = {
			isa = PBXShellScriptBuildPhase;
			buildActionMask = 2147483647;
			files = (
			);
			inputPaths = (
			);
			name = "[CP] Embed Pods Frameworks";
			outputPaths = (
			);
			runOnlyForDeploymentPostprocessing = 0;
			shellPath = /bin/sh;
			shellScript = "\"${SRCROOT}/Pods/Target Support Files/Pods-FiirstNetWorkH5UITests/Pods-FiirstNetWorkH5UITests-frameworks.sh\"\n";
			showEnvVarsInLog = 0;
		};
		169D6A0DBF574E6582A3BC4E /* [CP] Check Pods Manifest.lock */ = {
			isa = PBXShellScriptBuildPhase;
			buildActionMask = 2147483647;
			files = (
			);
			inputPaths = (
				"${PODS_PODFILE_DIR_PATH}/Podfile.lock",
				"${PODS_ROOT}/Manifest.lock",
			);
			name = "[CP] Check Pods Manifest.lock";
			outputPaths = (
				"$(DERIVED_FILE_DIR)/Pods-FiirstNetWorkH5UITests-checkManifestLockResult.txt",
			);
			runOnlyForDeploymentPostprocessing = 0;
			shellPath = /bin/sh;
			shellScript = "diff \"${PODS_PODFILE_DIR_PATH}/Podfile.lock\" \"${PODS_ROOT}/Manifest.lock\" > /dev/null\nif [ $? != 0 ] ; then\n    # print error to STDERR\n    echo \"error: The sandbox is not in sync with the Podfile.lock. Run 'pod install' or update your CocoaPods installation.\" >&2\n    exit 1\nfi\n# This output is used by Xcode 'outputs' to avoid re-running this script phase.\necho \"SUCCESS\" > \"${SCRIPT_OUTPUT_FILE_0}\"\n";
			showEnvVarsInLog = 0;
		};
		18D3D0A496EA8EA22454188C /* [CP] Embed Pods Frameworks */ = {
			isa = PBXShellScriptBuildPhase;
			buildActionMask = 2147483647;
			files = (
			);
			inputPaths = (
			);
			name = "[CP] Embed Pods Frameworks";
			outputPaths = (
			);
			runOnlyForDeploymentPostprocessing = 0;
			shellPath = /bin/sh;
			shellScript = "\"${SRCROOT}/Pods/Target Support Files/Pods-FiirstNetWorkH5/Pods-FiirstNetWorkH5-frameworks.sh\"\n";
			showEnvVarsInLog = 0;
		};
		5BA6411389294A27D4F4A6B6 /* [CP] Embed Pods Frameworks */ = {
			isa = PBXShellScriptBuildPhase;
			buildActionMask = 2147483647;
			files = (
			);
			inputPaths = (
			);
			name = "[CP] Embed Pods Frameworks";
			outputPaths = (
			);
			runOnlyForDeploymentPostprocessing = 0;
			shellPath = /bin/sh;
			shellScript = "\"${SRCROOT}/Pods/Target Support Files/Pods-FiirstNetWorkH5Tests/Pods-FiirstNetWorkH5Tests-frameworks.sh\"\n";
			showEnvVarsInLog = 0;
		};
		6C4B33F7557B934E35887A0F /* [CP] Check Pods Manifest.lock */ = {
			isa = PBXShellScriptBuildPhase;
			buildActionMask = 2147483647;
			files = (
			);
			inputPaths = (
				"${PODS_PODFILE_DIR_PATH}/Podfile.lock",
				"${PODS_ROOT}/Manifest.lock",
			);
			name = "[CP] Check Pods Manifest.lock";
			outputPaths = (
				"$(DERIVED_FILE_DIR)/Pods-FiirstNetWorkH5-checkManifestLockResult.txt",
			);
			runOnlyForDeploymentPostprocessing = 0;
			shellPath = /bin/sh;
			shellScript = "diff \"${PODS_PODFILE_DIR_PATH}/Podfile.lock\" \"${PODS_ROOT}/Manifest.lock\" > /dev/null\nif [ $? != 0 ] ; then\n    # print error to STDERR\n    echo \"error: The sandbox is not in sync with the Podfile.lock. Run 'pod install' or update your CocoaPods installation.\" >&2\n    exit 1\nfi\n# This output is used by Xcode 'outputs' to avoid re-running this script phase.\necho \"SUCCESS\" > \"${SCRIPT_OUTPUT_FILE_0}\"\n";
			showEnvVarsInLog = 0;
		};
		8410765D326471DE909B2673 /* [CP] Copy Pods Resources */ = {
			isa = PBXShellScriptBuildPhase;
			buildActionMask = 2147483647;
			files = (
			);
			inputPaths = (
			);
			name = "[CP] Copy Pods Resources";
			outputPaths = (
			);
			runOnlyForDeploymentPostprocessing = 0;
			shellPath = /bin/sh;
			shellScript = "\"${SRCROOT}/Pods/Target Support Files/Pods-FiirstNetWorkH5/Pods-FiirstNetWorkH5-resources.sh\"\n";
			showEnvVarsInLog = 0;
		};
		97F06661362F510E390C3E04 /* [CP] Check Pods Manifest.lock */ = {
			isa = PBXShellScriptBuildPhase;
			buildActionMask = 2147483647;
			files = (
			);
			inputPaths = (
				"${PODS_PODFILE_DIR_PATH}/Podfile.lock",
				"${PODS_ROOT}/Manifest.lock",
			);
			name = "[CP] Check Pods Manifest.lock";
			outputPaths = (
				"$(DERIVED_FILE_DIR)/Pods-FiirstNetWorkH5Tests-checkManifestLockResult.txt",
			);
			runOnlyForDeploymentPostprocessing = 0;
			shellPath = /bin/sh;
			shellScript = "diff \"${PODS_PODFILE_DIR_PATH}/Podfile.lock\" \"${PODS_ROOT}/Manifest.lock\" > /dev/null\nif [ $? != 0 ] ; then\n    # print error to STDERR\n    echo \"error: The sandbox is not in sync with the Podfile.lock. Run 'pod install' or update your CocoaPods installation.\" >&2\n    exit 1\nfi\n# This output is used by Xcode 'outputs' to avoid re-running this script phase.\necho \"SUCCESS\" > \"${SCRIPT_OUTPUT_FILE_0}\"\n";
			showEnvVarsInLog = 0;
		};
		B8B2BBA4F4466FD7C10E9C50 /* [CP] Copy Pods Resources */ = {
			isa = PBXShellScriptBuildPhase;
			buildActionMask = 2147483647;
			files = (
			);
			inputPaths = (
			);
			name = "[CP] Copy Pods Resources";
			outputPaths = (
			);
			runOnlyForDeploymentPostprocessing = 0;
			shellPath = /bin/sh;
			shellScript = "\"${SRCROOT}/Pods/Target Support Files/Pods-FiirstNetWorkH5Tests/Pods-FiirstNetWorkH5Tests-resources.sh\"\n";
			showEnvVarsInLog = 0;
		};
		CEA35D7E4787F26B8BCEDB72 /* [CP] Copy Pods Resources */ = {
			isa = PBXShellScriptBuildPhase;
			buildActionMask = 2147483647;
			files = (
			);
			inputPaths = (
			);
			name = "[CP] Copy Pods Resources";
			outputPaths = (
			);
			runOnlyForDeploymentPostprocessing = 0;
			shellPath = /bin/sh;
			shellScript = "\"${SRCROOT}/Pods/Target Support Files/Pods-FiirstNetWorkH5UITests/Pods-FiirstNetWorkH5UITests-resources.sh\"\n";
			showEnvVarsInLog = 0;
		};
/* End PBXShellScriptBuildPhase section */

/* Begin PBXSourcesBuildPhase section */
		449FB0D12064DCF100EDAF46 /* Sources */ = {
			isa = PBXSourcesBuildPhase;
			buildActionMask = 2147483647;
			files = (
				449FB147206507F000EDAF46 /* sha1.c in Sources */,
				449FB144206507F000EDAF46 /* hmac.c in Sources */,
				449FB141206507F000EDAF46 /* ioapi_mem.c in Sources */,
				449FB145206507F000EDAF46 /* aescrypt.c in Sources */,
				449FB0DD2064DCF100EDAF46 /* ViewController.m in Sources */,
				449FB143206507F000EDAF46 /* aeskey.c in Sources */,
				449FB13D206507F000EDAF46 /* unzip.c in Sources */,
				449FB149206507F000EDAF46 /* prng.c in Sources */,
				449FB140206507F000EDAF46 /* ioapi_buf.c in Sources */,
				449FB148206507F000EDAF46 /* aes_ni.c in Sources */,
				449FB0E82064DCF100EDAF46 /* main.m in Sources */,
				449FB13E206507F000EDAF46 /* zip.c in Sources */,
				449FB13C206507F000EDAF46 /* crypt.c in Sources */,
				449FB0DA2064DCF100EDAF46 /* AppDelegate.m in Sources */,
				449FB13F206507F000EDAF46 /* ioapi.c in Sources */,
				449FB146206507F000EDAF46 /* fileenc.c in Sources */,
				449FB14C206507F000EDAF46 /* SSZipArchive.m in Sources */,
				449FB14A206507F000EDAF46 /* pwd2key.c in Sources */,
				449FB142206507F000EDAF46 /* minishared.c in Sources */,
				449FB14B206507F000EDAF46 /* aestab.c in Sources */,
			);
			runOnlyForDeploymentPostprocessing = 0;
		};
		449FB0E92064DCF100EDAF46 /* Sources */ = {
			isa = PBXSourcesBuildPhase;
			buildActionMask = 2147483647;
			files = (
				449FB0F22064DCF100EDAF46 /* FiirstNetWorkH5Tests.m in Sources */,
			);
			runOnlyForDeploymentPostprocessing = 0;
		};
		449FB0F42064DCF100EDAF46 /* Sources */ = {
			isa = PBXSourcesBuildPhase;
			buildActionMask = 2147483647;
			files = (
				449FB0FD2064DCF100EDAF46 /* FiirstNetWorkH5UITests.m in Sources */,
			);
			runOnlyForDeploymentPostprocessing = 0;
		};
/* End PBXSourcesBuildPhase section */

/* Begin PBXTargetDependency section */
		449FB0EF2064DCF100EDAF46 /* PBXTargetDependency */ = {
			isa = PBXTargetDependency;
			target = 449FB0D42064DCF100EDAF46 /* FiirstNetWorkH5 */;
			targetProxy = 449FB0EE2064DCF100EDAF46 /* PBXContainerItemProxy */;
		};
		449FB0FA2064DCF100EDAF46 /* PBXTargetDependency */ = {
			isa = PBXTargetDependency;
			target = 449FB0D42064DCF100EDAF46 /* FiirstNetWorkH5 */;
			targetProxy = 449FB0F92064DCF100EDAF46 /* PBXContainerItemProxy */;
		};
/* End PBXTargetDependency section */

/* Begin PBXVariantGroup section */
		449FB0DE2064DCF100EDAF46 /* Main.storyboard */ = {
			isa = PBXVariantGroup;
			children = (
				449FB0DF2064DCF100EDAF46 /* Base */,
			);
			name = Main.storyboard;
			sourceTree = "<group>";
		};
		449FB0E32064DCF100EDAF46 /* LaunchScreen.storyboard */ = {
			isa = PBXVariantGroup;
			children = (
				449FB0E42064DCF100EDAF46 /* Base */,
			);
			name = LaunchScreen.storyboard;
			sourceTree = "<group>";
		};
/* End PBXVariantGroup section */

/* Begin XCBuildConfiguration section */
		449FB0FF2064DCF100EDAF46 /* Debug */ = {
			isa = XCBuildConfiguration;
			buildSettings = {
				ALWAYS_SEARCH_USER_PATHS = NO;
				CLANG_ANALYZER_NONNULL = YES;
				CLANG_ANALYZER_NUMBER_OBJECT_CONVERSION = YES_AGGRESSIVE;
				CLANG_CXX_LANGUAGE_STANDARD = "gnu++14";
				CLANG_CXX_LIBRARY = "libc++";
				CLANG_ENABLE_MODULES = YES;
				CLANG_ENABLE_OBJC_ARC = YES;
				CLANG_WARN_BLOCK_CAPTURE_AUTORELEASING = YES;
				CLANG_WARN_BOOL_CONVERSION = YES;
				CLANG_WARN_COMMA = YES;
				CLANG_WARN_CONSTANT_CONVERSION = YES;
				CLANG_WARN_DIRECT_OBJC_ISA_USAGE = YES_ERROR;
				CLANG_WARN_DOCUMENTATION_COMMENTS = YES;
				CLANG_WARN_EMPTY_BODY = YES;
				CLANG_WARN_ENUM_CONVERSION = YES;
				CLANG_WARN_INFINITE_RECURSION = YES;
				CLANG_WARN_INT_CONVERSION = YES;
				CLANG_WARN_NON_LITERAL_NULL_CONVERSION = YES;
				CLANG_WARN_OBJC_LITERAL_CONVERSION = YES;
				CLANG_WARN_OBJC_ROOT_CLASS = YES_ERROR;
				CLANG_WARN_RANGE_LOOP_ANALYSIS = YES;
				CLANG_WARN_STRICT_PROTOTYPES = YES;
				CLANG_WARN_SUSPICIOUS_MOVE = YES;
				CLANG_WARN_UNGUARDED_AVAILABILITY = YES_AGGRESSIVE;
				CLANG_WARN_UNREACHABLE_CODE = YES;
				CLANG_WARN__DUPLICATE_METHOD_MATCH = YES;
				CODE_SIGN_IDENTITY = "iPhone Developer";
				COPY_PHASE_STRIP = NO;
				DEBUG_INFORMATION_FORMAT = dwarf;
				ENABLE_STRICT_OBJC_MSGSEND = YES;
				ENABLE_TESTABILITY = YES;
				GCC_C_LANGUAGE_STANDARD = gnu11;
				GCC_DYNAMIC_NO_PIC = NO;
				GCC_NO_COMMON_BLOCKS = YES;
				GCC_OPTIMIZATION_LEVEL = 0;
				GCC_PREPROCESSOR_DEFINITIONS = (
					"DEBUG=1",
					"$(inherited)",
				);
				GCC_WARN_64_TO_32_BIT_CONVERSION = YES;
				GCC_WARN_ABOUT_RETURN_TYPE = YES_ERROR;
				GCC_WARN_UNDECLARED_SELECTOR = YES;
				GCC_WARN_UNINITIALIZED_AUTOS = YES_AGGRESSIVE;
				GCC_WARN_UNUSED_FUNCTION = YES;
				GCC_WARN_UNUSED_VARIABLE = YES;
				IPHONEOS_DEPLOYMENT_TARGET = 11.2;
				MTL_ENABLE_DEBUG_INFO = YES;
				ONLY_ACTIVE_ARCH = YES;
				SDKROOT = iphoneos;
			};
			name = Debug;
		};
		449FB1002064DCF100EDAF46 /* Release */ = {
			isa = XCBuildConfiguration;
			buildSettings = {
				ALWAYS_SEARCH_USER_PATHS = NO;
				CLANG_ANALYZER_NONNULL = YES;
				CLANG_ANALYZER_NUMBER_OBJECT_CONVERSION = YES_AGGRESSIVE;
				CLANG_CXX_LANGUAGE_STANDARD = "gnu++14";
				CLANG_CXX_LIBRARY = "libc++";
				CLANG_ENABLE_MODULES = YES;
				CLANG_ENABLE_OBJC_ARC = YES;
				CLANG_WARN_BLOCK_CAPTURE_AUTORELEASING = YES;
				CLANG_WARN_BOOL_CONVERSION = YES;
				CLANG_WARN_COMMA = YES;
				CLANG_WARN_CONSTANT_CONVERSION = YES;
				CLANG_WARN_DIRECT_OBJC_ISA_USAGE = YES_ERROR;
				CLANG_WARN_DOCUMENTATION_COMMENTS = YES;
				CLANG_WARN_EMPTY_BODY = YES;
				CLANG_WARN_ENUM_CONVERSION = YES;
				CLANG_WARN_INFINITE_RECURSION = YES;
				CLANG_WARN_INT_CONVERSION = YES;
				CLANG_WARN_NON_LITERAL_NULL_CONVERSION = YES;
				CLANG_WARN_OBJC_LITERAL_CONVERSION = YES;
				CLANG_WARN_OBJC_ROOT_CLASS = YES_ERROR;
				CLANG_WARN_RANGE_LOOP_ANALYSIS = YES;
				CLANG_WARN_STRICT_PROTOTYPES = YES;
				CLANG_WARN_SUSPICIOUS_MOVE = YES;
				CLANG_WARN_UNGUARDED_AVAILABILITY = YES_AGGRESSIVE;
				CLANG_WARN_UNREACHABLE_CODE = YES;
				CLANG_WARN__DUPLICATE_METHOD_MATCH = YES;
				CODE_SIGN_IDENTITY = "iPhone Developer";
				COPY_PHASE_STRIP = NO;
				DEBUG_INFORMATION_FORMAT = "dwarf-with-dsym";
				ENABLE_NS_ASSERTIONS = NO;
				ENABLE_STRICT_OBJC_MSGSEND = YES;
				GCC_C_LANGUAGE_STANDARD = gnu11;
				GCC_NO_COMMON_BLOCKS = YES;
				GCC_WARN_64_TO_32_BIT_CONVERSION = YES;
				GCC_WARN_ABOUT_RETURN_TYPE = YES_ERROR;
				GCC_WARN_UNDECLARED_SELECTOR = YES;
				GCC_WARN_UNINITIALIZED_AUTOS = YES_AGGRESSIVE;
				GCC_WARN_UNUSED_FUNCTION = YES;
				GCC_WARN_UNUSED_VARIABLE = YES;
				IPHONEOS_DEPLOYMENT_TARGET = 11.2;
				MTL_ENABLE_DEBUG_INFO = NO;
				SDKROOT = iphoneos;
				VALIDATE_PRODUCT = YES;
			};
			name = Release;
		};
		449FB1022064DCF100EDAF46 /* Debug */ = {
			isa = XCBuildConfiguration;
			baseConfigurationReference = 5C3DF7302F5D3E99A014ACDB /* Pods-FiirstNetWorkH5.debug.xcconfig */;
			buildSettings = {
				ASSETCATALOG_COMPILER_APPICON_NAME = AppIcon;
				CODE_SIGN_STYLE = Automatic;
				DEVELOPMENT_TEAM = Z22YVE2L82;
				INFOPLIST_FILE = FiirstNetWorkH5/Info.plist;
				LD_RUNPATH_SEARCH_PATHS = "$(inherited) @executable_path/Frameworks";
				ONLY_ACTIVE_ARCH = YES;
				PRODUCT_BUNDLE_IDENTIFIER = test.FiirstNetWorkH5;
				PRODUCT_NAME = "$(TARGET_NAME)";
				TARGETED_DEVICE_FAMILY = "1,2";
				VALID_ARCHS = "armv7 armv7s arm64";
			};
			name = Debug;
		};
		449FB1032064DCF100EDAF46 /* Release */ = {
			isa = XCBuildConfiguration;
			baseConfigurationReference = 3100D407EDFF5A036A3F9232 /* Pods-FiirstNetWorkH5.release.xcconfig */;
			buildSettings = {
				ASSETCATALOG_COMPILER_APPICON_NAME = AppIcon;
				CODE_SIGN_STYLE = Automatic;
				DEVELOPMENT_TEAM = Z22YVE2L82;
				INFOPLIST_FILE = FiirstNetWorkH5/Info.plist;
				LD_RUNPATH_SEARCH_PATHS = "$(inherited) @executable_path/Frameworks";
				ONLY_ACTIVE_ARCH = NO;
				PRODUCT_BUNDLE_IDENTIFIER = test.FiirstNetWorkH5;
				PRODUCT_NAME = "$(TARGET_NAME)";
				TARGETED_DEVICE_FAMILY = "1,2";
				VALID_ARCHS = "armv7 armv7s arm64";
			};
			name = Release;
		};
		449FB1052064DCF100EDAF46 /* Debug */ = {
			isa = XCBuildConfiguration;
			baseConfigurationReference = 6C4C7570B1807E9069AB8472 /* Pods-FiirstNetWorkH5Tests.debug.xcconfig */;
			buildSettings = {
				BUNDLE_LOADER = "$(TEST_HOST)";
				CODE_SIGN_STYLE = Automatic;
				DEVELOPMENT_TEAM = Z22YVE2L82;
				INFOPLIST_FILE = FiirstNetWorkH5Tests/Info.plist;
				LD_RUNPATH_SEARCH_PATHS = "$(inherited) @executable_path/Frameworks @loader_path/Frameworks";
				PRODUCT_BUNDLE_IDENTIFIER = test.FiirstNetWorkH5Tests;
				PRODUCT_NAME = "$(TARGET_NAME)";
				TARGETED_DEVICE_FAMILY = "1,2";
				TEST_HOST = "$(BUILT_PRODUCTS_DIR)/FiirstNetWorkH5.app/FiirstNetWorkH5";
			};
			name = Debug;
		};
		449FB1062064DCF100EDAF46 /* Release */ = {
			isa = XCBuildConfiguration;
			baseConfigurationReference = 8375EFBEFA0A7FC6873691C0 /* Pods-FiirstNetWorkH5Tests.release.xcconfig */;
			buildSettings = {
				BUNDLE_LOADER = "$(TEST_HOST)";
				CODE_SIGN_STYLE = Automatic;
				DEVELOPMENT_TEAM = Z22YVE2L82;
				INFOPLIST_FILE = FiirstNetWorkH5Tests/Info.plist;
				LD_RUNPATH_SEARCH_PATHS = "$(inherited) @executable_path/Frameworks @loader_path/Frameworks";
				PRODUCT_BUNDLE_IDENTIFIER = test.FiirstNetWorkH5Tests;
				PRODUCT_NAME = "$(TARGET_NAME)";
				TARGETED_DEVICE_FAMILY = "1,2";
				TEST_HOST = "$(BUILT_PRODUCTS_DIR)/FiirstNetWorkH5.app/FiirstNetWorkH5";
			};
			name = Release;
		};
		449FB1082064DCF100EDAF46 /* Debug */ = {
			isa = XCBuildConfiguration;
			baseConfigurationReference = C481DBC1182CCD6E8E16AD41 /* Pods-FiirstNetWorkH5UITests.debug.xcconfig */;
			buildSettings = {
				CODE_SIGN_STYLE = Automatic;
				DEVELOPMENT_TEAM = Z22YVE2L82;
				INFOPLIST_FILE = FiirstNetWorkH5UITests/Info.plist;
				LD_RUNPATH_SEARCH_PATHS = "$(inherited) @executable_path/Frameworks @loader_path/Frameworks";
				PRODUCT_BUNDLE_IDENTIFIER = test.FiirstNetWorkH5UITests;
				PRODUCT_NAME = "$(TARGET_NAME)";
				TARGETED_DEVICE_FAMILY = "1,2";
				TEST_TARGET_NAME = FiirstNetWorkH5;
			};
			name = Debug;
		};
		449FB1092064DCF100EDAF46 /* Release */ = {
			isa = XCBuildConfiguration;
			baseConfigurationReference = 36378FE7AC73A24D4656C6FD /* Pods-FiirstNetWorkH5UITests.release.xcconfig */;
			buildSettings = {
				CODE_SIGN_STYLE = Automatic;
				DEVELOPMENT_TEAM = Z22YVE2L82;
				INFOPLIST_FILE = FiirstNetWorkH5UITests/Info.plist;
				LD_RUNPATH_SEARCH_PATHS = "$(inherited) @executable_path/Frameworks @loader_path/Frameworks";
				PRODUCT_BUNDLE_IDENTIFIER = test.FiirstNetWorkH5UITests;
				PRODUCT_NAME = "$(TARGET_NAME)";
				TARGETED_DEVICE_FAMILY = "1,2";
				TEST_TARGET_NAME = FiirstNetWorkH5;
			};
			name = Release;
		};
/* End XCBuildConfiguration section */

/* Begin XCConfigurationList section */
		449FB0D02064DCF100EDAF46 /* Build configuration list for PBXProject "FiirstNetWorkH5" */ = {
			isa = XCConfigurationList;
			buildConfigurations = (
				449FB0FF2064DCF100EDAF46 /* Debug */,
				449FB1002064DCF100EDAF46 /* Release */,
			);
			defaultConfigurationIsVisible = 0;
			defaultConfigurationName = Release;
		};
		449FB1012064DCF100EDAF46 /* Build configuration list for PBXNativeTarget "FiirstNetWorkH5" */ = {
			isa = XCConfigurationList;
			buildConfigurations = (
				449FB1022064DCF100EDAF46 /* Debug */,
				449FB1032064DCF100EDAF46 /* Release */,
			);
			defaultConfigurationIsVisible = 0;
			defaultConfigurationName = Release;
		};
		449FB1042064DCF100EDAF46 /* Build configuration list for PBXNativeTarget "FiirstNetWorkH5Tests" */ = {
			isa = XCConfigurationList;
			buildConfigurations = (
				449FB1052064DCF100EDAF46 /* Debug */,
				449FB1062064DCF100EDAF46 /* Release */,
			);
			defaultConfigurationIsVisible = 0;
			defaultConfigurationName = Release;
		};
		449FB1072064DCF100EDAF46 /* Build configuration list for PBXNativeTarget "FiirstNetWorkH5UITests" */ = {
			isa = XCConfigurationList;
			buildConfigurations = (
				449FB1082064DCF100EDAF46 /* Debug */,
				449FB1092064DCF100EDAF46 /* Release */,
			);
			defaultConfigurationIsVisible = 0;
			defaultConfigurationName = Release;
		};
/* End XCConfigurationList section */
	};
	rootObject = 449FB0CD2064DCF100EDAF46 /* Project object */;
}
